// !$*UTF8*$!
{
	archiveVersion = 1;
	classes = {
	};
	objectVersion = 46;
	objects = {

/* Begin PBXBuildFile section */
		49092C171F70B20200DF323E /* FiltrarVC.swift in Sources */ = {isa = PBXBuildFile; fileRef = 49092C161F70B20200DF323E /* FiltrarVC.swift */; };
		495EDEDB1F72BE4A00B92B8B /* GuiaVirtualVC.swift in Sources */ = {isa = PBXBuildFile; fileRef = 495EDEDA1F72BE4A00B92B8B /* GuiaVirtualVC.swift */; };
		495EDEDD1F72FA0700B92B8B /* PuntoDeInteresDetalleVC.swift in Sources */ = {isa = PBXBuildFile; fileRef = 495EDEDC1F72FA0700B92B8B /* PuntoDeInteresDetalleVC.swift */; };
		496B75141F66CDFE00FD4942 /* puntodeinteres.swift in Sources */ = {isa = PBXBuildFile; fileRef = 496B75131F66CDFE00FD4942 /* puntodeinteres.swift */; };
		496B75161F6717CC00FD4942 /* puntodeinteresCell.swift in Sources */ = {isa = PBXBuildFile; fileRef = 496B75151F6717CB00FD4942 /* puntodeinteresCell.swift */; };
		49A6792C1FA421F00005E4BA /* CoreLocation.framework in Frameworks */ = {isa = PBXBuildFile; fileRef = 49A6792B1FA421F00005E4BA /* CoreLocation.framework */; };
		49A679301FA589FD0005E4BA /* ElegirMapaVC.swift in Sources */ = {isa = PBXBuildFile; fileRef = 49A6792F1FA589FD0005E4BA /* ElegirMapaVC.swift */; };
		49A76F121F792AD800215741 /* OpcionesFiltrar.swift in Sources */ = {isa = PBXBuildFile; fileRef = 49A76F111F792AD700215741 /* OpcionesFiltrar.swift */; };
		49ACD4B71F5F013D00CCA9EA /* AppDelegate.swift in Sources */ = {isa = PBXBuildFile; fileRef = 49ACD4B61F5F013D00CCA9EA /* AppDelegate.swift */; };
		49ACD4B91F5F013D00CCA9EA /* DescubreVC.swift in Sources */ = {isa = PBXBuildFile; fileRef = 49ACD4B81F5F013D00CCA9EA /* DescubreVC.swift */; };
		49ACD4BC1F5F013F00CCA9EA /* Main.storyboard in Resources */ = {isa = PBXBuildFile; fileRef = 49ACD4BA1F5F013F00CCA9EA /* Main.storyboard */; };
		49ACD4C11F5F014000CCA9EA /* LaunchScreen.storyboard in Resources */ = {isa = PBXBuildFile; fileRef = 49ACD4BF1F5F014000CCA9EA /* LaunchScreen.storyboard */; };
		49ACD4CC1F5F014100CCA9EA /* testdescubreTests.swift in Sources */ = {isa = PBXBuildFile; fileRef = 49ACD4CB1F5F014100CCA9EA /* testdescubreTests.swift */; };
		49B042FE1F6B0FD400AD52D8 /* constants.swift in Sources */ = {isa = PBXBuildFile; fileRef = 49B042FD1F6B0FD400AD52D8 /* constants.swift */; };
		6D1488251FB4E2650055685E /* Assets.xcassets in Resources */ = {isa = PBXBuildFile; fileRef = 6D1488241FB4E2650055685E /* Assets.xcassets */; };
		6D1488271FB4E94A0055685E /* RoundButton.swift in Sources */ = {isa = PBXBuildFile; fileRef = 6D1488261FB4E94A0055685E /* RoundButton.swift */; };
		6D1488291FB4F1BA0055685E /* CustomTabBarController.swift in Sources */ = {isa = PBXBuildFile; fileRef = 6D1488281FB4F1BA0055685E /* CustomTabBarController.swift */; };
		6D53F3231FB5DE3000D20102 /* MapKit.framework in Frameworks */ = {isa = PBXBuildFile; fileRef = 6D53F3221FB5DE3000D20102 /* MapKit.framework */; };
		6D53F3271FB5EFC400D20102 /* CheckInVC.swift in Sources */ = {isa = PBXBuildFile; fileRef = 6D53F3261FB5EFC400D20102 /* CheckInVC.swift */; };
		8E27FF7D1FBB3D6800A8C9A8 /* UIView+extension.swift in Sources */ = {isa = PBXBuildFile; fileRef = 8E27FF7C1FBB3D6800A8C9A8 /* UIView+extension.swift */; };
		8E90296E1FBC8ABD00C964CC /* CurrentUser.swift in Sources */ = {isa = PBXBuildFile; fileRef = 8E90296D1FBC8ABD00C964CC /* CurrentUser.swift */; };
		8E9029701FBC8C3400C964CC /* LoginViewController.swift in Sources */ = {isa = PBXBuildFile; fileRef = 8E90296F1FBC8C3400C964CC /* LoginViewController.swift */; };
		8E9029721FBC97CF00C964CC /* EmptyBackgroundView.swift in Sources */ = {isa = PBXBuildFile; fileRef = 8E9029711FBC97CF00C964CC /* EmptyBackgroundView.swift */; };
		EBB36FC39464EEFC1BD1166D /* Pods_testdescubre.framework in Frameworks */ = {isa = PBXBuildFile; fileRef = 4AAF53937A639F477EFA0FBE /* Pods_testdescubre.framework */; };
/* End PBXBuildFile section */

/* Begin PBXContainerItemProxy section */
		49ACD4C81F5F014100CCA9EA /* PBXContainerItemProxy */ = {
			isa = PBXContainerItemProxy;
			containerPortal = 49ACD4AB1F5F013B00CCA9EA /* Project object */;
			proxyType = 1;
			remoteGlobalIDString = 49ACD4B21F5F013C00CCA9EA;
			remoteInfo = testdescubre;
		};
/* End PBXContainerItemProxy section */

/* Begin PBXFileReference section */
		49092C161F70B20200DF323E /* FiltrarVC.swift */ = {isa = PBXFileReference; fileEncoding = 4; lastKnownFileType = sourcecode.swift; path = FiltrarVC.swift; sourceTree = "<group>"; };
		495EDEDA1F72BE4A00B92B8B /* GuiaVirtualVC.swift */ = {isa = PBXFileReference; fileEncoding = 4; lastKnownFileType = sourcecode.swift; path = GuiaVirtualVC.swift; sourceTree = "<group>"; };
		495EDEDC1F72FA0700B92B8B /* PuntoDeInteresDetalleVC.swift */ = {isa = PBXFileReference; fileEncoding = 4; lastKnownFileType = sourcecode.swift; path = PuntoDeInteresDetalleVC.swift; sourceTree = "<group>"; };
		496B75131F66CDFE00FD4942 /* puntodeinteres.swift */ = {isa = PBXFileReference; fileEncoding = 4; lastKnownFileType = sourcecode.swift; path = puntodeinteres.swift; sourceTree = "<group>"; };
		496B75151F6717CB00FD4942 /* puntodeinteresCell.swift */ = {isa = PBXFileReference; fileEncoding = 4; lastKnownFileType = sourcecode.swift; path = puntodeinteresCell.swift; sourceTree = "<group>"; };
		49A6792B1FA421F00005E4BA /* CoreLocation.framework */ = {isa = PBXFileReference; lastKnownFileType = wrapper.framework; name = CoreLocation.framework; path = System/Library/Frameworks/CoreLocation.framework; sourceTree = SDKROOT; };
		49A6792F1FA589FD0005E4BA /* ElegirMapaVC.swift */ = {isa = PBXFileReference; fileEncoding = 4; lastKnownFileType = sourcecode.swift; path = ElegirMapaVC.swift; sourceTree = "<group>"; };
		49A76F111F792AD700215741 /* OpcionesFiltrar.swift */ = {isa = PBXFileReference; fileEncoding = 4; lastKnownFileType = sourcecode.swift; path = OpcionesFiltrar.swift; sourceTree = "<group>"; };
		49ACD4B31F5F013C00CCA9EA /* testdescubre.app */ = {isa = PBXFileReference; explicitFileType = wrapper.application; includeInIndex = 0; path = testdescubre.app; sourceTree = BUILT_PRODUCTS_DIR; };
		49ACD4B61F5F013D00CCA9EA /* AppDelegate.swift */ = {isa = PBXFileReference; lastKnownFileType = sourcecode.swift; path = AppDelegate.swift; sourceTree = "<group>"; };
		49ACD4B81F5F013D00CCA9EA /* DescubreVC.swift */ = {isa = PBXFileReference; lastKnownFileType = sourcecode.swift; path = DescubreVC.swift; sourceTree = "<group>"; };
		49ACD4BB1F5F013F00CCA9EA /* Base */ = {isa = PBXFileReference; lastKnownFileType = file.storyboard; name = Base; path = Base.lproj/Main.storyboard; sourceTree = "<group>"; };
		49ACD4C01F5F014000CCA9EA /* Base */ = {isa = PBXFileReference; lastKnownFileType = file.storyboard; name = Base; path = Base.lproj/LaunchScreen.storyboard; sourceTree = "<group>"; };
		49ACD4C21F5F014000CCA9EA /* Info.plist */ = {isa = PBXFileReference; lastKnownFileType = text.plist.xml; path = Info.plist; sourceTree = "<group>"; };
		49ACD4C71F5F014100CCA9EA /* testdescubreTests.xctest */ = {isa = PBXFileReference; explicitFileType = wrapper.cfbundle; includeInIndex = 0; path = testdescubreTests.xctest; sourceTree = BUILT_PRODUCTS_DIR; };
		49ACD4CB1F5F014100CCA9EA /* testdescubreTests.swift */ = {isa = PBXFileReference; lastKnownFileType = sourcecode.swift; path = testdescubreTests.swift; sourceTree = "<group>"; };
		49ACD4CD1F5F014100CCA9EA /* Info.plist */ = {isa = PBXFileReference; lastKnownFileType = text.plist.xml; path = Info.plist; sourceTree = "<group>"; };
		49B042FD1F6B0FD400AD52D8 /* constants.swift */ = {isa = PBXFileReference; fileEncoding = 4; lastKnownFileType = sourcecode.swift; path = constants.swift; sourceTree = "<group>"; };
		49C0BFD91FB35E0700A88FDC /* PlanesVC.swift */ = {isa = PBXFileReference; fileEncoding = 4; lastKnownFileType = sourcecode.swift; path = PlanesVC.swift; sourceTree = "<group>"; };
		4AAF53937A639F477EFA0FBE /* Pods_testdescubre.framework */ = {isa = PBXFileReference; explicitFileType = wrapper.framework; includeInIndex = 0; path = Pods_testdescubre.framework; sourceTree = BUILT_PRODUCTS_DIR; };
		6D1488241FB4E2650055685E /* Assets.xcassets */ = {isa = PBXFileReference; lastKnownFileType = folder.assetcatalog; path = Assets.xcassets; sourceTree = "<group>"; };
		6D1488261FB4E94A0055685E /* RoundButton.swift */ = {isa = PBXFileReference; fileEncoding = 4; lastKnownFileType = sourcecode.swift; path = RoundButton.swift; sourceTree = "<group>"; };
		6D1488281FB4F1BA0055685E /* CustomTabBarController.swift */ = {isa = PBXFileReference; fileEncoding = 4; lastKnownFileType = sourcecode.swift; path = CustomTabBarController.swift; sourceTree = "<group>"; };
		6D53F3221FB5DE3000D20102 /* MapKit.framework */ = {isa = PBXFileReference; lastKnownFileType = wrapper.framework; name = MapKit.framework; path = System/Library/Frameworks/MapKit.framework; sourceTree = SDKROOT; };
		6D53F3261FB5EFC400D20102 /* CheckInVC.swift */ = {isa = PBXFileReference; fileEncoding = 4; lastKnownFileType = sourcecode.swift; path = CheckInVC.swift; sourceTree = "<group>"; };
		83276F911B9B8161C6688165 /* Pods-testdescubre.release.xcconfig */ = {isa = PBXFileReference; includeInIndex = 1; lastKnownFileType = text.xcconfig; name = "Pods-testdescubre.release.xcconfig"; path = "Pods/Target Support Files/Pods-testdescubre/Pods-testdescubre.release.xcconfig"; sourceTree = "<group>"; };
		8E27FF7C1FBB3D6800A8C9A8 /* UIView+extension.swift */ = {isa = PBXFileReference; fileEncoding = 4; lastKnownFileType = sourcecode.swift; path = "UIView+extension.swift"; sourceTree = "<group>"; };
		8E90296D1FBC8ABD00C964CC /* CurrentUser.swift */ = {isa = PBXFileReference; fileEncoding = 4; lastKnownFileType = sourcecode.swift; path = CurrentUser.swift; sourceTree = "<group>"; };
		8E90296F1FBC8C3400C964CC /* LoginViewController.swift */ = {isa = PBXFileReference; fileEncoding = 4; lastKnownFileType = sourcecode.swift; path = LoginViewController.swift; sourceTree = "<group>"; };
		8E9029711FBC97CF00C964CC /* EmptyBackgroundView.swift */ = {isa = PBXFileReference; fileEncoding = 4; lastKnownFileType = sourcecode.swift; path = EmptyBackgroundView.swift; sourceTree = "<group>"; };
		ED28A6E0261598D140C5AB58 /* Pods-testdescubre.debug.xcconfig */ = {isa = PBXFileReference; includeInIndex = 1; lastKnownFileType = text.xcconfig; name = "Pods-testdescubre.debug.xcconfig"; path = "Pods/Target Support Files/Pods-testdescubre/Pods-testdescubre.debug.xcconfig"; sourceTree = "<group>"; };
/* End PBXFileReference section */

/* Begin PBXFrameworksBuildPhase section */
		49ACD4B01F5F013C00CCA9EA /* Frameworks */ = {
			isa = PBXFrameworksBuildPhase;
			buildActionMask = 2147483647;
			files = (
				49A6792C1FA421F00005E4BA /* CoreLocation.framework in Frameworks */,
				6D53F3231FB5DE3000D20102 /* MapKit.framework in Frameworks */,
				EBB36FC39464EEFC1BD1166D /* Pods_testdescubre.framework in Frameworks */,
			);
			runOnlyForDeploymentPostprocessing = 0;
		};
		49ACD4C41F5F014100CCA9EA /* Frameworks */ = {
			isa = PBXFrameworksBuildPhase;
			buildActionMask = 2147483647;
			files = (
			);
			runOnlyForDeploymentPostprocessing = 0;
		};
/* End PBXFrameworksBuildPhase section */

/* Begin PBXGroup section */
		3D464DB188C939CC92D21377 /* Frameworks */ = {
			isa = PBXGroup;
			children = (
				6D53F3221FB5DE3000D20102 /* MapKit.framework */,
				49A6792B1FA421F00005E4BA /* CoreLocation.framework */,
				4AAF53937A639F477EFA0FBE /* Pods_testdescubre.framework */,
			);
			name = Frameworks;
			sourceTree = "<group>";
		};
		42B6AF001D4B64E0C0C73DBF /* Pods */ = {
			isa = PBXGroup;
			children = (
				ED28A6E0261598D140C5AB58 /* Pods-testdescubre.debug.xcconfig */,
				83276F911B9B8161C6688165 /* Pods-testdescubre.release.xcconfig */,
			);
			name = Pods;
			sourceTree = "<group>";
		};
		49092BEA1F6FE82A00DF323E /* Resources */ = {
			isa = PBXGroup;
			children = (
			);
			name = Resources;
			sourceTree = "<group>";
		};
		49092BEF1F6FEBE300DF323E /* extensions */ = {
			isa = PBXGroup;
			children = (
				8E27FF7C1FBB3D6800A8C9A8 /* UIView+extension.swift */,
			);
			name = extensions;
			sourceTree = "<group>";
		};
		49ACD4AA1F5F013B00CCA9EA = {
			isa = PBXGroup;
			children = (
				49ACD4B51F5F013C00CCA9EA /* testdescubre */,
				49ACD4CA1F5F014100CCA9EA /* testdescubreTests */,
				49ACD4B41F5F013C00CCA9EA /* Products */,
				42B6AF001D4B64E0C0C73DBF /* Pods */,
				3D464DB188C939CC92D21377 /* Frameworks */,
			);
			sourceTree = "<group>";
		};
		49ACD4B41F5F013C00CCA9EA /* Products */ = {
			isa = PBXGroup;
			children = (
				49ACD4B31F5F013C00CCA9EA /* testdescubre.app */,
				49ACD4C71F5F014100CCA9EA /* testdescubreTests.xctest */,
			);
			name = Products;
			sourceTree = "<group>";
		};
		49ACD4B51F5F013C00CCA9EA /* testdescubre */ = {
			isa = PBXGroup;
			children = (
				49ACD4D61F5F02EA00CCA9EA /* Model */,
				49ACD4D71F5F02F100CCA9EA /* View */,
				49ACD4D81F5F02F600CCA9EA /* Controller */,
				49092BEA1F6FE82A00DF323E /* Resources */,
				49092BEF1F6FEBE300DF323E /* extensions */,
				49ACD4BA1F5F013F00CCA9EA /* Main.storyboard */,
				49ACD4BF1F5F014000CCA9EA /* LaunchScreen.storyboard */,
				6D1488241FB4E2650055685E /* Assets.xcassets */,
				49ACD4C21F5F014000CCA9EA /* Info.plist */,
				49ACD4B61F5F013D00CCA9EA /* AppDelegate.swift */,
			);
			path = testdescubre;
			sourceTree = "<group>";
		};
		49ACD4CA1F5F014100CCA9EA /* testdescubreTests */ = {
			isa = PBXGroup;
			children = (
				49ACD4CB1F5F014100CCA9EA /* testdescubreTests.swift */,
				49ACD4CD1F5F014100CCA9EA /* Info.plist */,
			);
			path = testdescubreTests;
			sourceTree = "<group>";
		};
		49ACD4D61F5F02EA00CCA9EA /* Model */ = {
			isa = PBXGroup;
			children = (
				496B75131F66CDFE00FD4942 /* puntodeinteres.swift */,
				49B042FD1F6B0FD400AD52D8 /* constants.swift */,
				49A76F111F792AD700215741 /* OpcionesFiltrar.swift */,
				8E90296D1FBC8ABD00C964CC /* CurrentUser.swift */,
			);
			name = Model;
			sourceTree = "<group>";
		};
		49ACD4D71F5F02F100CCA9EA /* View */ = {
			isa = PBXGroup;
			children = (
				496B75151F6717CB00FD4942 /* puntodeinteresCell.swift */,
				6D1488261FB4E94A0055685E /* RoundButton.swift */,
				6D1488281FB4F1BA0055685E /* CustomTabBarController.swift */,
				8E9029711FBC97CF00C964CC /* EmptyBackgroundView.swift */,
			);
			name = View;
			sourceTree = "<group>";
		};
		49ACD4D81F5F02F600CCA9EA /* Controller */ = {
			isa = PBXGroup;
			children = (
				49ACD4B81F5F013D00CCA9EA /* DescubreVC.swift */,
				495EDEDC1F72FA0700B92B8B /* PuntoDeInteresDetalleVC.swift */,
				495EDEDA1F72BE4A00B92B8B /* GuiaVirtualVC.swift */,
				49092C161F70B20200DF323E /* FiltrarVC.swift */,
				49A6792F1FA589FD0005E4BA /* ElegirMapaVC.swift */,
				49C0BFD91FB35E0700A88FDC /* PlanesVC.swift */,
				6D53F3261FB5EFC400D20102 /* CheckInVC.swift */,
				8E90296F1FBC8C3400C964CC /* LoginViewController.swift */,
			);
			name = Controller;
			sourceTree = "<group>";
		};
/* End PBXGroup section */

/* Begin PBXNativeTarget section */
		49ACD4B21F5F013C00CCA9EA /* testdescubre */ = {
			isa = PBXNativeTarget;
			buildConfigurationList = 49ACD4D01F5F014100CCA9EA /* Build configuration list for PBXNativeTarget "testdescubre" */;
			buildPhases = (
				E362E86B753A05E9DA665A92 /* [CP] Check Pods Manifest.lock */,
				49ACD4AF1F5F013C00CCA9EA /* Sources */,
				49ACD4B01F5F013C00CCA9EA /* Frameworks */,
				49ACD4B11F5F013C00CCA9EA /* Resources */,
				DE1DF9BB60B9C1D483DE306D /* [CP] Embed Pods Frameworks */,
				B25E994C3A19AFE75BE843D4 /* [CP] Copy Pods Resources */,
			);
			buildRules = (
			);
			dependencies = (
			);
			name = testdescubre;
			productName = testdescubre;
			productReference = 49ACD4B31F5F013C00CCA9EA /* testdescubre.app */;
			productType = "com.apple.product-type.application";
		};
		49ACD4C61F5F014100CCA9EA /* testdescubreTests */ = {
			isa = PBXNativeTarget;
			buildConfigurationList = 49ACD4D31F5F014100CCA9EA /* Build configuration list for PBXNativeTarget "testdescubreTests" */;
			buildPhases = (
				49ACD4C31F5F014100CCA9EA /* Sources */,
				49ACD4C41F5F014100CCA9EA /* Frameworks */,
				49ACD4C51F5F014100CCA9EA /* Resources */,
			);
			buildRules = (
			);
			dependencies = (
				49ACD4C91F5F014100CCA9EA /* PBXTargetDependency */,
			);
			name = testdescubreTests;
			productName = testdescubreTests;
			productReference = 49ACD4C71F5F014100CCA9EA /* testdescubreTests.xctest */;
			productType = "com.apple.product-type.bundle.unit-test";
		};
/* End PBXNativeTarget section */

/* Begin PBXProject section */
		49ACD4AB1F5F013B00CCA9EA /* Project object */ = {
			isa = PBXProject;
			attributes = {
				LastSwiftUpdateCheck = 0830;
				LastUpgradeCheck = 0830;
				ORGANIZATIONNAME = "Miguel Alvarez";
				TargetAttributes = {
					49ACD4B21F5F013C00CCA9EA = {
						CreatedOnToolsVersion = 8.3.3;
						DevelopmentTeam = 5X37293TZ4;
						ProvisioningStyle = Automatic;
						SystemCapabilities = {
							com.apple.BackgroundModes = {
								enabled = 1;
							};
							com.apple.Maps.iOS = {
								enabled = 0;
							};
						};
					};
					49ACD4C61F5F014100CCA9EA = {
						CreatedOnToolsVersion = 8.3.3;
						DevelopmentTeam = 5X37293TZ4;
						ProvisioningStyle = Automatic;
						TestTargetID = 49ACD4B21F5F013C00CCA9EA;
					};
				};
			};
			buildConfigurationList = 49ACD4AE1F5F013B00CCA9EA /* Build configuration list for PBXProject "testdescubre" */;
			compatibilityVersion = "Xcode 3.2";
			developmentRegion = English;
			hasScannedForEncodings = 0;
			knownRegions = (
				en,
				Base,
			);
			mainGroup = 49ACD4AA1F5F013B00CCA9EA;
			productRefGroup = 49ACD4B41F5F013C00CCA9EA /* Products */;
			projectDirPath = "";
			projectRoot = "";
			targets = (
				49ACD4B21F5F013C00CCA9EA /* testdescubre */,
				49ACD4C61F5F014100CCA9EA /* testdescubreTests */,
			);
		};
/* End PBXProject section */

/* Begin PBXResourcesBuildPhase section */
		49ACD4B11F5F013C00CCA9EA /* Resources */ = {
			isa = PBXResourcesBuildPhase;
			buildActionMask = 2147483647;
			files = (
				49ACD4C11F5F014000CCA9EA /* LaunchScreen.storyboard in Resources */,
				6D1488251FB4E2650055685E /* Assets.xcassets in Resources */,
				49ACD4BC1F5F013F00CCA9EA /* Main.storyboard in Resources */,
			);
			runOnlyForDeploymentPostprocessing = 0;
		};
		49ACD4C51F5F014100CCA9EA /* Resources */ = {
			isa = PBXResourcesBuildPhase;
			buildActionMask = 2147483647;
			files = (
			);
			runOnlyForDeploymentPostprocessing = 0;
		};
/* End PBXResourcesBuildPhase section */

/* Begin PBXShellScriptBuildPhase section */
		B25E994C3A19AFE75BE843D4 /* [CP] Copy Pods Resources */ = {
			isa = PBXShellScriptBuildPhase;
			buildActionMask = 2147483647;
			files = (
			);
			inputPaths = (
			);
			name = "[CP] Copy Pods Resources";
			outputPaths = (
			);
			runOnlyForDeploymentPostprocessing = 0;
			shellPath = /bin/sh;
			shellScript = "\"${SRCROOT}/Pods/Target Support Files/Pods-testdescubre/Pods-testdescubre-resources.sh\"\n";
			showEnvVarsInLog = 0;
		};
		DE1DF9BB60B9C1D483DE306D /* [CP] Embed Pods Frameworks */ = {
			isa = PBXShellScriptBuildPhase;
			buildActionMask = 2147483647;
			files = (
			);
			inputPaths = (
				"${SRCROOT}/Pods/Target Support Files/Pods-testdescubre/Pods-testdescubre-frameworks.sh",
				"${BUILT_PRODUCTS_DIR}/Alamofire/Alamofire.framework",
				"${BUILT_PRODUCTS_DIR}/AlamofireObjectMapper/AlamofireObjectMapper.framework",
				"${BUILT_PRODUCTS_DIR}/Kingfisher/Kingfisher.framework",
				"${BUILT_PRODUCTS_DIR}/ObjectMapper/ObjectMapper.framework",
				"${BUILT_PRODUCTS_DIR}/PureLayout/PureLayout.framework",
			);
			name = "[CP] Embed Pods Frameworks";
			outputPaths = (
				"${TARGET_BUILD_DIR}/${FRAMEWORKS_FOLDER_PATH}/Alamofire.framework",
				"${TARGET_BUILD_DIR}/${FRAMEWORKS_FOLDER_PATH}/AlamofireObjectMapper.framework",
				"${TARGET_BUILD_DIR}/${FRAMEWORKS_FOLDER_PATH}/Kingfisher.framework",
				"${TARGET_BUILD_DIR}/${FRAMEWORKS_FOLDER_PATH}/ObjectMapper.framework",
				"${TARGET_BUILD_DIR}/${FRAMEWORKS_FOLDER_PATH}/PureLayout.framework",
			);
			runOnlyForDeploymentPostprocessing = 0;
			shellPath = /bin/sh;
			shellScript = "\"${SRCROOT}/Pods/Target Support Files/Pods-testdescubre/Pods-testdescubre-frameworks.sh\"\n";
			showEnvVarsInLog = 0;
		};
		E362E86B753A05E9DA665A92 /* [CP] Check Pods Manifest.lock */ = {
			isa = PBXShellScriptBuildPhase;
			buildActionMask = 2147483647;
			files = (
			);
			inputPaths = (
				"${PODS_PODFILE_DIR_PATH}/Podfile.lock",
				"${PODS_ROOT}/Manifest.lock",
			);
			name = "[CP] Check Pods Manifest.lock";
			outputPaths = (
				"$(DERIVED_FILE_DIR)/Pods-testdescubre-checkManifestLockResult.txt",
			);
			runOnlyForDeploymentPostprocessing = 0;
			shellPath = /bin/sh;
			shellScript = "diff \"${PODS_PODFILE_DIR_PATH}/Podfile.lock\" \"${PODS_ROOT}/Manifest.lock\" > /dev/null\nif [ $? != 0 ] ; then\n    # print error to STDERR\n    echo \"error: The sandbox is not in sync with the Podfile.lock. Run 'pod install' or update your CocoaPods installation.\" >&2\n    exit 1\nfi\n# This output is used by Xcode 'outputs' to avoid re-running this script phase.\necho \"SUCCESS\" > \"${SCRIPT_OUTPUT_FILE_0}\"\n";
			showEnvVarsInLog = 0;
		};
/* End PBXShellScriptBuildPhase section */

/* Begin PBXSourcesBuildPhase section */
		49ACD4AF1F5F013C00CCA9EA /* Sources */ = {
			isa = PBXSourcesBuildPhase;
			buildActionMask = 2147483647;
			files = (
				8E9029721FBC97CF00C964CC /* EmptyBackgroundView.swift in Sources */,
				496B75161F6717CC00FD4942 /* puntodeinteresCell.swift in Sources */,
				49092C171F70B20200DF323E /* FiltrarVC.swift in Sources */,
				6D1488291FB4F1BA0055685E /* CustomTabBarController.swift in Sources */,
				49ACD4B91F5F013D00CCA9EA /* DescubreVC.swift in Sources */,
				495EDEDB1F72BE4A00B92B8B /* GuiaVirtualVC.swift in Sources */,
				6D1488271FB4E94A0055685E /* RoundButton.swift in Sources */,
				49A679301FA589FD0005E4BA /* ElegirMapaVC.swift in Sources */,
				49ACD4B71F5F013D00CCA9EA /* AppDelegate.swift in Sources */,
				8E90296E1FBC8ABD00C964CC /* CurrentUser.swift in Sources */,
				49A76F121F792AD800215741 /* OpcionesFiltrar.swift in Sources */,
				495EDEDD1F72FA0700B92B8B /* PuntoDeInteresDetalleVC.swift in Sources */,
				8E27FF7D1FBB3D6800A8C9A8 /* UIView+extension.swift in Sources */,
				8E9029701FBC8C3400C964CC /* LoginViewController.swift in Sources */,
				49B042FE1F6B0FD400AD52D8 /* constants.swift in Sources */,
				6D53F3271FB5EFC400D20102 /* CheckInVC.swift in Sources */,
				496B75141F66CDFE00FD4942 /* puntodeinteres.swift in Sources */,
			);
			runOnlyForDeploymentPostprocessing = 0;
		};
		49ACD4C31F5F014100CCA9EA /* Sources */ = {
			isa = PBXSourcesBuildPhase;
			buildActionMask = 2147483647;
			files = (
				49ACD4CC1F5F014100CCA9EA /* testdescubreTests.swift in Sources */,
			);
			runOnlyForDeploymentPostprocessing = 0;
		};
/* End PBXSourcesBuildPhase section */

/* Begin PBXTargetDependency section */
		49ACD4C91F5F014100CCA9EA /* PBXTargetDependency */ = {
			isa = PBXTargetDependency;
			target = 49ACD4B21F5F013C00CCA9EA /* testdescubre */;
			targetProxy = 49ACD4C81F5F014100CCA9EA /* PBXContainerItemProxy */;
		};
/* End PBXTargetDependency section */

/* Begin PBXVariantGroup section */
		49ACD4BA1F5F013F00CCA9EA /* Main.storyboard */ = {
			isa = PBXVariantGroup;
			children = (
				49ACD4BB1F5F013F00CCA9EA /* Base */,
			);
			name = Main.storyboard;
			sourceTree = "<group>";
		};
		49ACD4BF1F5F014000CCA9EA /* LaunchScreen.storyboard */ = {
			isa = PBXVariantGroup;
			children = (
				49ACD4C01F5F014000CCA9EA /* Base */,
			);
			name = LaunchScreen.storyboard;
			sourceTree = "<group>";
		};
/* End PBXVariantGroup section */

/* Begin XCBuildConfiguration section */
		49ACD4CE1F5F014100CCA9EA /* Debug */ = {
			isa = XCBuildConfiguration;
			buildSettings = {
				ALWAYS_SEARCH_USER_PATHS = NO;
				CLANG_ANALYZER_NONNULL = YES;
				CLANG_ANALYZER_NUMBER_OBJECT_CONVERSION = YES_AGGRESSIVE;
				CLANG_CXX_LANGUAGE_STANDARD = "gnu++0x";
				CLANG_CXX_LIBRARY = "libc++";
				CLANG_ENABLE_MODULES = YES;
				CLANG_ENABLE_OBJC_ARC = YES;
				CLANG_WARN_BOOL_CONVERSION = YES;
				CLANG_WARN_CONSTANT_CONVERSION = YES;
				CLANG_WARN_DIRECT_OBJC_ISA_USAGE = YES_ERROR;
				CLANG_WARN_DOCUMENTATION_COMMENTS = YES;
				CLANG_WARN_EMPTY_BODY = YES;
				CLANG_WARN_ENUM_CONVERSION = YES;
				CLANG_WARN_INFINITE_RECURSION = YES;
				CLANG_WARN_INT_CONVERSION = YES;
				CLANG_WARN_OBJC_ROOT_CLASS = YES_ERROR;
				CLANG_WARN_SUSPICIOUS_MOVE = YES;
				CLANG_WARN_UNREACHABLE_CODE = YES;
				CLANG_WARN__DUPLICATE_METHOD_MATCH = YES;
				"CODE_SIGN_IDENTITY[sdk=iphoneos*]" = "iPhone Developer";
				COPY_PHASE_STRIP = NO;
				DEBUG_INFORMATION_FORMAT = dwarf;
				ENABLE_STRICT_OBJC_MSGSEND = YES;
				ENABLE_TESTABILITY = YES;
				GCC_C_LANGUAGE_STANDARD = gnu99;
				GCC_DYNAMIC_NO_PIC = NO;
				GCC_NO_COMMON_BLOCKS = YES;
				GCC_OPTIMIZATION_LEVEL = 0;
				GCC_PREPROCESSOR_DEFINITIONS = (
					"DEBUG=1",
					"$(inherited)",
				);
				GCC_WARN_64_TO_32_BIT_CONVERSION = YES;
				GCC_WARN_ABOUT_RETURN_TYPE = YES_ERROR;
				GCC_WARN_UNDECLARED_SELECTOR = YES;
				GCC_WARN_UNINITIALIZED_AUTOS = YES_AGGRESSIVE;
				GCC_WARN_UNUSED_FUNCTION = YES;
				GCC_WARN_UNUSED_VARIABLE = YES;
				IPHONEOS_DEPLOYMENT_TARGET = 10.3;
				MTL_ENABLE_DEBUG_INFO = YES;
				ONLY_ACTIVE_ARCH = YES;
				SDKROOT = iphoneos;
				SWIFT_ACTIVE_COMPILATION_CONDITIONS = DEBUG;
				SWIFT_OPTIMIZATION_LEVEL = "-Onone";
				TARGETED_DEVICE_FAMILY = "1,2";
			};
			name = Debug;
		};
		49ACD4CF1F5F014100CCA9EA /* Release */ = {
			isa = XCBuildConfiguration;
			buildSettings = {
				ALWAYS_SEARCH_USER_PATHS = NO;
				CLANG_ANALYZER_NONNULL = YES;
				CLANG_ANALYZER_NUMBER_OBJECT_CONVERSION = YES_AGGRESSIVE;
				CLANG_CXX_LANGUAGE_STANDARD = "gnu++0x";
				CLANG_CXX_LIBRARY = "libc++";
				CLANG_ENABLE_MODULES = YES;
				CLANG_ENABLE_OBJC_ARC = YES;
				CLANG_WARN_BOOL_CONVERSION = YES;
				CLANG_WARN_CONSTANT_CONVERSION = YES;
				CLANG_WARN_DIRECT_OBJC_ISA_USAGE = YES_ERROR;
				CLANG_WARN_DOCUMENTATION_COMMENTS = YES;
				CLANG_WARN_EMPTY_BODY = YES;
				CLANG_WARN_ENUM_CONVERSION = YES;
				CLANG_WARN_INFINITE_RECURSION = YES;
				CLANG_WARN_INT_CONVERSION = YES;
				CLANG_WARN_OBJC_ROOT_CLASS = YES_ERROR;
				CLANG_WARN_SUSPICIOUS_MOVE = YES;
				CLANG_WARN_UNREACHABLE_CODE = YES;
				CLANG_WARN__DUPLICATE_METHOD_MATCH = YES;
				"CODE_SIGN_IDENTITY[sdk=iphoneos*]" = "iPhone Developer";
				COPY_PHASE_STRIP = NO;
				DEBUG_INFORMATION_FORMAT = "dwarf-with-dsym";
				ENABLE_NS_ASSERTIONS = NO;
				ENABLE_STRICT_OBJC_MSGSEND = YES;
				GCC_C_LANGUAGE_STANDARD = gnu99;
				GCC_NO_COMMON_BLOCKS = YES;
				GCC_WARN_64_TO_32_BIT_CONVERSION = YES;
				GCC_WARN_ABOUT_RETURN_TYPE = YES_ERROR;
				GCC_WARN_UNDECLARED_SELECTOR = YES;
				GCC_WARN_UNINITIALIZED_AUTOS = YES_AGGRESSIVE;
				GCC_WARN_UNUSED_FUNCTION = YES;
				GCC_WARN_UNUSED_VARIABLE = YES;
				IPHONEOS_DEPLOYMENT_TARGET = 10.3;
				MTL_ENABLE_DEBUG_INFO = NO;
				SDKROOT = iphoneos;
				SWIFT_OPTIMIZATION_LEVEL = "-Owholemodule";
				TARGETED_DEVICE_FAMILY = "1,2";
				VALIDATE_PRODUCT = YES;
			};
			name = Release;
		};
		49ACD4D11F5F014100CCA9EA /* Debug */ = {
			isa = XCBuildConfiguration;
			baseConfigurationReference = ED28A6E0261598D140C5AB58 /* Pods-testdescubre.debug.xcconfig */;
			buildSettings = {
				ASSETCATALOG_COMPILER_APPICON_NAME = AppIcon;
				DEVELOPMENT_TEAM = 5X37293TZ4;
				INFOPLIST_FILE = testdescubre/Info.plist;
				IPHONEOS_DEPLOYMENT_TARGET = 9.3;
				LD_RUNPATH_SEARCH_PATHS = "$(inherited) @executable_path/Frameworks";
				PRODUCT_BUNDLE_IDENTIFIER = com.miguel.testdescubre;
				PRODUCT_NAME = "$(TARGET_NAME)";
				SWIFT_VERSION = 3.0;
			};
			name = Debug;
		};
		49ACD4D21F5F014100CCA9EA /* Release */ = {
			isa = XCBuildConfiguration;
			baseConfigurationReference = 83276F911B9B8161C6688165 /* Pods-testdescubre.release.xcconfig */;
			buildSettings = {
				ASSETCATALOG_COMPILER_APPICON_NAME = AppIcon;
				DEVELOPMENT_TEAM = 5X37293TZ4;
				INFOPLIST_FILE = testdescubre/Info.plist;
				IPHONEOS_DEPLOYMENT_TARGET = 9.3;
				LD_RUNPATH_SEARCH_PATHS = "$(inherited) @executable_path/Frameworks";
				PRODUCT_BUNDLE_IDENTIFIER = com.miguel.testdescubre;
				PRODUCT_NAME = "$(TARGET_NAME)";
				SWIFT_VERSION = 3.0;
			};
			name = Release;
		};
		49ACD4D41F5F014100CCA9EA /* Debug */ = {
			isa = XCBuildConfiguration;
			buildSettings = {
				ALWAYS_EMBED_SWIFT_STANDARD_LIBRARIES = YES;
				BUNDLE_LOADER = "$(TEST_HOST)";
				DEVELOPMENT_TEAM = 5X37293TZ4;
				INFOPLIST_FILE = testdescubreTests/Info.plist;
				IPHONEOS_DEPLOYMENT_TARGET = 9.3;
				LD_RUNPATH_SEARCH_PATHS = "$(inherited) @executable_path/Frameworks @loader_path/Frameworks";
				PRODUCT_BUNDLE_IDENTIFIER = com.miguel.testdescubreTests;
				PRODUCT_NAME = "$(TARGET_NAME)";
				SWIFT_VERSION = 3.0;
				TEST_HOST = "$(BUILT_PRODUCTS_DIR)/testdescubre.app/testdescubre";
			};
			name = Debug;
		};
		49ACD4D51F5F014100CCA9EA /* Release */ = {
			isa = XCBuildConfiguration;
			buildSettings = {
				ALWAYS_EMBED_SWIFT_STANDARD_LIBRARIES = YES;
				BUNDLE_LOADER = "$(TEST_HOST)";
				DEVELOPMENT_TEAM = 5X37293TZ4;
				INFOPLIST_FILE = testdescubreTests/Info.plist;
				IPHONEOS_DEPLOYMENT_TARGET = 9.3;
				LD_RUNPATH_SEARCH_PATHS = "$(inherited) @executable_path/Frameworks @loader_path/Frameworks";
				PRODUCT_BUNDLE_IDENTIFIER = com.miguel.testdescubreTests;
				PRODUCT_NAME = "$(TARGET_NAME)";
				SWIFT_VERSION = 3.0;
				TEST_HOST = "$(BUILT_PRODUCTS_DIR)/testdescubre.app/testdescubre";
			};
			name = Release;
		};
/* End XCBuildConfiguration section */

/* Begin XCConfigurationList section */
		49ACD4AE1F5F013B00CCA9EA /* Build configuration list for PBXProject "testdescubre" */ = {
			isa = XCConfigurationList;
			buildConfigurations = (
				49ACD4CE1F5F014100CCA9EA /* Debug */,
				49ACD4CF1F5F014100CCA9EA /* Release */,
			);
			defaultConfigurationIsVisible = 0;
			defaultConfigurationName = Release;
		};
		49ACD4D01F5F014100CCA9EA /* Build configuration list for PBXNativeTarget "testdescubre" */ = {
			isa = XCConfigurationList;
			buildConfigurations = (
				49ACD4D11F5F014100CCA9EA /* Debug */,
				49ACD4D21F5F014100CCA9EA /* Release */,
			);
			defaultConfigurationIsVisible = 0;
			defaultConfigurationName = Release;
		};
		49ACD4D31F5F014100CCA9EA /* Build configuration list for PBXNativeTarget "testdescubreTests" */ = {
			isa = XCConfigurationList;
			buildConfigurations = (
				49ACD4D41F5F014100CCA9EA /* Debug */,
				49ACD4D51F5F014100CCA9EA /* Release */,
			);
			defaultConfigurationIsVisible = 0;
			defaultConfigurationName = Release;
		};
/* End XCConfigurationList section */
	};
	rootObject = 49ACD4AB1F5F013B00CCA9EA /* Project object */;
}
